
Microsoft Visual Studio Solution File, Format Version 12.00
# Visual Studio Version 17
VisualStudioVersion = 17.2.32630.192
MinimumVisualStudioVersion = 10.0.40219.1
Project("{FAE04EC0-301F-11D3-BF4B-00C04F79EFBC}") = "ProyectCr", "ProyectCr\ProyectCr.csproj", "{4AC21751-5448-4286-A3F9-E62ECB7A6B09}"
EndProject
Global
	GlobalSection(SolutionConfigurationPlatforms) = preSolution
		Debug|Any CPU = Debug|Any CPU
		Release|Any CPU = Release|Any CPU
	EndGlobalSection
	GlobalSection(ProjectConfigurationPlatforms) = postSolution
		{4AC21751-5448-4286-A3F9-E62ECB7A6B09}.Debug|Any CPU.ActiveCfg = Debug|Any CPU
		{4AC21751-5448-4286-A3F9-E62ECB7A6B09}.Debug|Any CPU.Build.0 = Debug|Any CPU
		{4AC21751-5448-4286-A3F9-E62ECB7A6B09}.Release|Any CPU.ActiveCfg = Release|Any CPU
		{4AC21751-5448-4286-A3F9-E62ECB7A6B09}.Release|Any CPU.Build.0 = Release|Any CPU
	EndGlobalSection
	GlobalSection(SolutionProperties) = preSolution
		HideSolutionNode = FALSE
	EndGlobalSection
	GlobalSection(ExtensibilityGlobals) = postSolution
		SolutionGuid = {7CADB783-EE04-4EDE-BE27-B12F3376691F}
	EndGlobalSection
EndGlobal
